{
  "name": "vrchat-exif-writer",
  "version": "0.0.1",
  "lockfileVersion": 2,
  "requires": true,
  "packages": {
    "": {
      "name": "vrchat-exif-writer",
      "version": "0.0.1",
      "license": "MIT",
      "dependencies": {
        "exiftool-vendored.exe": "^12.54.0",
        "node-osc": "^8.0.3",
        "tail": "^2.2.4",
        "typescript": "^4.7.4"
      },
      "devDependencies": {
        "@types/node": "^18.0.3",
        "@types/node-osc": "^6.0.0",
        "@types/tail": "^2.2.1"
      }
    },
    "node_modules/@types/node": {
      "version": "18.0.3",
      "resolved": "https://registry.npmjs.org/@types/node/-/node-18.0.3.tgz",
      "integrity": "sha512-HzNRZtp4eepNitP+BD6k2L6DROIDG4Q0fm4x+dwfsr6LGmROENnok75VGw40628xf+iR24WeMFcHuuBDUAzzsQ==",
      "dev": true
    },
    "node_modules/@types/node-osc": {
      "version": "6.0.0",
      "resolved": "https://registry.npmjs.org/@types/node-osc/-/node-osc-6.0.0.tgz",
      "integrity": "sha512-25DwJOFe1KueUZz2oIURT3qCMQ28Jdvy9JqGz8d0mKM1Mlx0agHD9N3S0hMKajVCjw7TGtf3gGjbl5gDCFfIWQ==",
      "dev": true
    },
    "node_modules/@types/tail": {
      "version": "2.2.1",
      "resolved": "https://registry.npmjs.org/@types/tail/-/tail-2.2.1.tgz",
      "integrity": "sha512-j75Gs5MiIpNR14wztQ4vtViUqxZi+lcgflyXC7P9iMgNnMab7XcV5p+2590IO3njsWWn5l8C+55ILk2CDDyaHg==",
      "dev": true
    },
    "node_modules/binpack": {
      "version": "0.1.0",
      "resolved": "https://registry.npmjs.org/binpack/-/binpack-0.1.0.tgz",
      "integrity": "sha512-KcSrsGiIKgklTWweVb9XnZPWO1/rGSsK3fwR7VnbDPbLKPlkvSKd/ZrJ1W712r6HzH5u0fa/AZCftATO09x8Aw=="
    },
    "node_modules/exiftool-vendored.exe": {
      "version": "12.54.0",
      "resolved": "https://registry.npmjs.org/exiftool-vendored.exe/-/exiftool-vendored.exe-12.54.0.tgz",
      "integrity": "sha512-Dc4W6e0NtQfYuJIYK4piHfDJnd2jvA04e0aaq9R3Q1oO34KC5e+L1D2C7lFuZXqPQLYC1x3GYc/GVv5e+SkkrQ==",
      "os": [
        "win32"
      ]
    },
    "node_modules/node-osc": {
      "version": "8.0.3",
      "resolved": "https://registry.npmjs.org/node-osc/-/node-osc-8.0.3.tgz",
      "integrity": "sha512-iDTt3QGV8MLEyvQzegUsVQM0MqWS5RJHhb+of8cmekF6aoQj0gAzvXW0PSdRduOnovUXDISti/fIsWAjnIwHRw==",
      "dependencies": {
        "osc-min": "^1.1.1"
      },
      "engines": {
        "node": "^14.18 || ^16.13 || >=18"
      }
    },
    "node_modules/osc-min": {
      "version": "1.1.2",
      "resolved": "https://registry.npmjs.org/osc-min/-/osc-min-1.1.2.tgz",
      "integrity": "sha512-8DbiO8ME85R75stgNVCZtHxB9MNBBNcyy+isNBXrsFeinXGjwNAauvKVmGlfRas5VJWC/mhzIx7spR2gFvWxvg==",
      "dependencies": {
        "binpack": "~0"
      },
      "engines": {
        "node": ">=0.10.0"
      }
    },
    "node_modules/tail": {
      "version": "2.2.4",
      "resolved": "https://registry.npmjs.org/tail/-/tail-2.2.4.tgz",
      "integrity": "sha512-PX8klSxW1u3SdgDrDeewh5GNE+hkJ4h02JvHfV6YrHqWOVJ88nUdSQqtsUf/gWhgZlPAws3fiZ+F1f8euspcuQ==",
      "engines": {
        "node": ">= 6.0.0"
      }
    },
    "node_modules/typescript": {
      "version": "4.7.4",
      "resolved": "https://registry.npmjs.org/typescript/-/typescript-4.7.4.tgz",
      "integrity": "sha512-C0WQT0gezHuw6AdY1M2jxUO83Rjf0HP7Sk1DtXj6j1EwkQNZrHAg2XPWlq62oqEhYvONq5pkC2Y9oPljWToLmQ==",
      "bin": {
        "tsc": "bin/tsc",
        "tsserver": "bin/tsserver"
      },
      "engines": {
        "node": ">=4.2.0"
      }
    }
  },
  "dependencies": {
    "@types/node": {
      "version": "18.0.3",
      "resolved": "https://registry.npmjs.org/@types/node/-/node-18.0.3.tgz",
      "integrity": "sha512-HzNRZtp4eepNitP+BD6k2L6DROIDG4Q0fm4x+dwfsr6LGmROENnok75VGw40628xf+iR24WeMFcHuuBDUAzzsQ==",
      "dev": true
    },
    "@types/node-osc": {
      "version": "6.0.0",
      "resolved": "https://registry.npmjs.org/@types/node-osc/-/node-osc-6.0.0.tgz",
      "integrity": "sha512-25DwJOFe1KueUZz2oIURT3qCMQ28Jdvy9JqGz8d0mKM1Mlx0agHD9N3S0hMKajVCjw7TGtf3gGjbl5gDCFfIWQ==",
      "dev": true
    },
    "@types/tail": {
      "version": "2.2.1",
      "resolved": "https://registry.npmjs.org/@types/tail/-/tail-2.2.1.tgz",
      "integrity": "sha512-j75Gs5MiIpNR14wztQ4vtViUqxZi+lcgflyXC7P9iMgNnMab7XcV5p+2590IO3njsWWn5l8C+55ILk2CDDyaHg==",
      "dev": true
    },
    "binpack": {
      "version": "0.1.0",
      "resolved": "https://registry.npmjs.org/binpack/-/binpack-0.1.0.tgz",
      "integrity": "sha512-KcSrsGiIKgklTWweVb9XnZPWO1/rGSsK3fwR7VnbDPbLKPlkvSKd/ZrJ1W712r6HzH5u0fa/AZCftATO09x8Aw=="
    },
    "exiftool-vendored.exe": {
      "version": "12.54.0",
      "resolved": "https://registry.npmjs.org/exiftool-vendored.exe/-/exiftool-vendored.exe-12.54.0.tgz",
      "integrity": "sha512-Dc4W6e0NtQfYuJIYK4piHfDJnd2jvA04e0aaq9R3Q1oO34KC5e+L1D2C7lFuZXqPQLYC1x3GYc/GVv5e+SkkrQ=="
    },
    "node-osc": {
      "version": "8.0.3",
      "resolved": "https://registry.npmjs.org/node-osc/-/node-osc-8.0.3.tgz",
      "integrity": "sha512-iDTt3QGV8MLEyvQzegUsVQM0MqWS5RJHhb+of8cmekF6aoQj0gAzvXW0PSdRduOnovUXDISti/fIsWAjnIwHRw==",
      "requires": {
        "osc-min": "^1.1.1"
      }
    },
    "osc-min": {
      "version": "1.1.2",
      "resolved": "https://registry.npmjs.org/osc-min/-/osc-min-1.1.2.tgz",
      "integrity": "sha512-8DbiO8ME85R75stgNVCZtHxB9MNBBNcyy+isNBXrsFeinXGjwNAauvKVmGlfRas5VJWC/mhzIx7spR2gFvWxvg==",
      "requires": {
        "binpack": "~0"
      }
    },
    "tail": {
      "version": "2.2.4",
      "resolved": "https://registry.npmjs.org/tail/-/tail-2.2.4.tgz",
      "integrity": "sha512-PX8klSxW1u3SdgDrDeewh5GNE+hkJ4h02JvHfV6YrHqWOVJ88nUdSQqtsUf/gWhgZlPAws3fiZ+F1f8euspcuQ=="
    },
    "typescript": {
      "version": "4.7.4",
      "resolved": "https://registry.npmjs.org/typescript/-/typescript-4.7.4.tgz",
      "integrity": "sha512-C0WQT0gezHuw6AdY1M2jxUO83Rjf0HP7Sk1DtXj6j1EwkQNZrHAg2XPWlq62oqEhYvONq5pkC2Y9oPljWToLmQ=="
    }
  }
}
